
Microsoft Visual Studio Solution File, Format Version 12.00
# Visual Studio Version 16
VisualStudioVersion = 16.0.29201.188
MinimumVisualStudioVersion = 10.0.40219.1
Project("{FAE04EC0-301F-11D3-BF4B-00C04F79EFBC}") = "cli-type", "cli-type.csproj", "{A86E5479-D520-48E2-9D10-F6B3009781D7}"
EndProject
Global
	GlobalSection(SolutionConfigurationPlatforms) = preSolution
		Debug|Any CPU = Debug|Any CPU
		Release|Any CPU = Release|Any CPU
	EndGlobalSection
	GlobalSection(ProjectConfigurationPlatforms) = postSolution
		{A86E5479-D520-48E2-9D10-F6B3009781D7}.Debug|Any CPU.ActiveCfg = Debug|Any CPU
		{A86E5479-D520-48E2-9D10-F6B3009781D7}.Debug|Any CPU.Build.0 = Debug|Any CPU
		{A86E5479-D520-48E2-9D10-F6B3009781D7}.Release|Any CPU.ActiveCfg = Release|Any CPU
		{A86E5479-D520-48E2-9D10-F6B3009781D7}.Release|Any CPU.Build.0 = Release|Any CPU
	EndGlobalSection
	GlobalSection(SolutionProperties) = preSolution
		HideSolutionNode = FALSE
	EndGlobalSection
	GlobalSection(ExtensibilityGlobals) = postSolution
		SolutionGuid = {7695EC4F-00F7-4EF8-864A-BAD7E2440A7E}
	EndGlobalSection
EndGlobal
